
Microsoft Visual Studio Solution File, Format Version 12.00
# Visual Studio 15
VisualStudioVersion = 15.0.28307.1778
MinimumVisualStudioVersion = 10.0.40219.1
Project("{FAE04EC0-301F-11D3-BF4B-00C04F79EFBC}") = "ConsoleApp1", "ConsoleApp1\ConsoleApp1.csproj", "{EBE7BD38-1B28-4D6D-B72B-B05A57938603}"
EndProject
Global
	GlobalSection(SolutionConfigurationPlatforms) = preSolution
		Debug|Any CPU = Debug|Any CPU
		Release|Any CPU = Release|Any CPU
	EndGlobalSection
	GlobalSection(ProjectConfigurationPlatforms) = postSolution
		{EBE7BD38-1B28-4D6D-B72B-B05A57938603}.Debug|Any CPU.ActiveCfg = Debug|Any CPU
		{EBE7BD38-1B28-4D6D-B72B-B05A57938603}.Debug|Any CPU.Build.0 = Debug|Any CPU
		{EBE7BD38-1B28-4D6D-B72B-B05A57938603}.Release|Any CPU.ActiveCfg = Release|Any CPU
		{EBE7BD38-1B28-4D6D-B72B-B05A57938603}.Release|Any CPU.Build.0 = Release|Any CPU
	EndGlobalSection
	GlobalSection(SolutionProperties) = preSolution
		HideSolutionNode = FALSE
	EndGlobalSection
	GlobalSection(ExtensibilityGlobals) = postSolution
		SolutionGuid = {D401952D-58A7-48B2-AB25-B59430A37635}
	EndGlobalSection
EndGlobal
